# THIS IS AN AUTOGENERATED FILE. DO NOT EDIT THIS FILE DIRECTLY.
# yarn lockfile v1


react-lazyload@^3.2.1:
  version "3.2.1"
  resolved "https://registry.yarnpkg.com/react-lazyload/-/react-lazyload-3.2.1.tgz#320087741ee6aaf693369b67690799423ed4d7a3"
  integrity sha512-oDLlLOI/rRLY0fUh/HYFCy4CqCe7zdJXv6oTl2pC30tN3ezWxvwcdHYfD/ZkrGOMOOT5pO7hNLSvg7WsmAij1w==
